
Microsoft Visual Studio Solution File, Format Version 12.00
# Visual Studio 14
VisualStudioVersion = 14.0.24720.0
MinimumVisualStudioVersion = 10.0.40219.1
Project("{FAE04EC0-301F-11D3-BF4B-00C04F79EFBC}") = "CadastroFuncionarios.Droid", "CadastroFuncionarios\CadastroFuncionarios.Droid\CadastroFuncionarios.Droid.csproj", "{EFC7CAFB-8342-4055-842D-6AD3762EB9BC}"
EndProject
Project("{FAE04EC0-301F-11D3-BF4B-00C04F79EFBC}") = "CadastroFuncionarios.iOS", "CadastroFuncionarios\CadastroFuncionarios.iOS\CadastroFuncionarios.iOS.csproj", "{F5F44B12-87EF-4278-B3F2-EE3897E3944A}"
EndProject
Project("{FAE04EC0-301F-11D3-BF4B-00C04F79EFBC}") = "CadastroFuncionarios.WinPhone", "CadastroFuncionarios\CadastroFuncionarios.WinPhone\CadastroFuncionarios.WinPhone.csproj", "{BDDE6E14-908B-4575-AEEB-037A42727B80}"
EndProject
Project("{FAE04EC0-301F-11D3-BF4B-00C04F79EFBC}") = "CadastroFuncionarios.UWP", "CadastroFuncionarios\CadastroFuncionarios.UWP\CadastroFuncionarios.UWP.csproj", "{23F2720D-C7CF-4E33-8323-82E1BBDB5870}"
EndProject
Project("{FAE04EC0-301F-11D3-BF4B-00C04F79EFBC}") = "CadastroFuncionarios.Windows", "CadastroFuncionarios\CadastroFuncionarios.Windows\CadastroFuncionarios.Windows.csproj", "{FF303E69-0CB1-4B7D-A768-CA04836EAB7F}"
EndProject
Project("{FAE04EC0-301F-11D3-BF4B-00C04F79EFBC}") = "CadastroFuncionarios", "CadastroFuncionarios\CadastroFuncionarios\CadastroFuncionarios.csproj", "{3F0B19E0-5CE8-4727-BFD0-D49852531C15}"
EndProject
Global
	GlobalSection(SolutionConfigurationPlatforms) = preSolution
		Ad-Hoc|Any CPU = Ad-Hoc|Any CPU
		Ad-Hoc|ARM = Ad-Hoc|ARM
		Ad-Hoc|iPhone = Ad-Hoc|iPhone
		Ad-Hoc|iPhoneSimulator = Ad-Hoc|iPhoneSimulator
		Ad-Hoc|x64 = Ad-Hoc|x64
		Ad-Hoc|x86 = Ad-Hoc|x86
		AppStore|Any CPU = AppStore|Any CPU
		AppStore|ARM = AppStore|ARM
		AppStore|iPhone = AppStore|iPhone
		AppStore|iPhoneSimulator = AppStore|iPhoneSimulator
		AppStore|x64 = AppStore|x64
		AppStore|x86 = AppStore|x86
		Debug|Any CPU = Debug|Any CPU
		Debug|ARM = Debug|ARM
		Debug|iPhone = Debug|iPhone
		Debug|iPhoneSimulator = Debug|iPhoneSimulator
		Debug|x64 = Debug|x64
		Debug|x86 = Debug|x86
		Release|Any CPU = Release|Any CPU
		Release|ARM = Release|ARM
		Release|iPhone = Release|iPhone
		Release|iPhoneSimulator = Release|iPhoneSimulator
		Release|x64 = Release|x64
		Release|x86 = Release|x86
	EndGlobalSection
	GlobalSection(ProjectConfigurationPlatforms) = postSolution
		{EFC7CAFB-8342-4055-842D-6AD3762EB9BC}.Ad-Hoc|Any CPU.ActiveCfg = Release|Any CPU
		{EFC7CAFB-8342-4055-842D-6AD3762EB9BC}.Ad-Hoc|Any CPU.Build.0 = Release|Any CPU
		{EFC7CAFB-8342-4055-842D-6AD3762EB9BC}.Ad-Hoc|Any CPU.Deploy.0 = Release|Any CPU
		{EFC7CAFB-8342-4055-842D-6AD3762EB9BC}.Ad-Hoc|ARM.ActiveCfg = Release|Any CPU
		{EFC7CAFB-8342-4055-842D-6AD3762EB9BC}.Ad-Hoc|ARM.Build.0 = Release|Any CPU
		{EFC7CAFB-8342-4055-842D-6AD3762EB9BC}.Ad-Hoc|ARM.Deploy.0 = Release|Any CPU
		{EFC7CAFB-8342-4055-842D-6AD3762EB9BC}.Ad-Hoc|iPhone.ActiveCfg = Release|Any CPU
		{EFC7CAFB-8342-4055-842D-6AD3762EB9BC}.Ad-Hoc|iPhone.Build.0 = Release|Any CPU
		{EFC7CAFB-8342-4055-842D-6AD3762EB9BC}.Ad-Hoc|iPhone.Deploy.0 = Release|Any CPU
		{EFC7CAFB-8342-4055-842D-6AD3762EB9BC}.Ad-Hoc|iPhoneSimulator.ActiveCfg = Release|Any CPU
		{EFC7CAFB-8342-4055-842D-6AD3762EB9BC}.Ad-Hoc|iPhoneSimulator.Build.0 = Release|Any CPU
		{EFC7CAFB-8342-4055-842D-6AD3762EB9BC}.Ad-Hoc|iPhoneSimulator.Deploy.0 = Release|Any CPU
		{EFC7CAFB-8342-4055-842D-6AD3762EB9BC}.Ad-Hoc|x64.ActiveCfg = Release|Any CPU
		{EFC7CAFB-8342-4055-842D-6AD3762EB9BC}.Ad-Hoc|x64.Build.0 = Release|Any CPU
		{EFC7CAFB-8342-4055-842D-6AD3762EB9BC}.Ad-Hoc|x64.Deploy.0 = Release|Any CPU
		{EFC7CAFB-8342-4055-842D-6AD3762EB9BC}.Ad-Hoc|x86.ActiveCfg = Release|Any CPU
		{EFC7CAFB-8342-4055-842D-6AD3762EB9BC}.Ad-Hoc|x86.Build.0 = Release|Any CPU
		{EFC7CAFB-8342-4055-842D-6AD3762EB9BC}.Ad-Hoc|x86.Deploy.0 = Release|Any CPU
		{EFC7CAFB-8342-4055-842D-6AD3762EB9BC}.AppStore|Any CPU.ActiveCfg = Release|Any CPU
		{EFC7CAFB-8342-4055-842D-6AD3762EB9BC}.AppStore|Any CPU.Build.0 = Release|Any CPU
		{EFC7CAFB-8342-4055-842D-6AD3762EB9BC}.AppStore|Any CPU.Deploy.0 = Release|Any CPU
		{EFC7CAFB-8342-4055-842D-6AD3762EB9BC}.AppStore|ARM.ActiveCfg = Release|Any CPU
		{EFC7CAFB-8342-4055-842D-6AD3762EB9BC}.AppStore|ARM.Build.0 = Release|Any CPU
		{EFC7CAFB-8342-4055-842D-6AD3762EB9BC}.AppStore|ARM.Deploy.0 = Release|Any CPU
		{EFC7CAFB-8342-4055-842D-6AD3762EB9BC}.AppStore|iPhone.ActiveCfg = Release|Any CPU
		{EFC7CAFB-8342-4055-842D-6AD3762EB9BC}.AppStore|iPhone.Build.0 = Release|Any CPU
		{EFC7CAFB-8342-4055-842D-6AD3762EB9BC}.AppStore|iPhone.Deploy.0 = Release|Any CPU
		{EFC7CAFB-8342-4055-842D-6AD3762EB9BC}.AppStore|iPhoneSimulator.ActiveCfg = Release|Any CPU
		{EFC7CAFB-8342-4055-842D-6AD3762EB9BC}.AppStore|iPhoneSimulator.Build.0 = Release|Any CPU
		{EFC7CAFB-8342-4055-842D-6AD3762EB9BC}.AppStore|iPhoneSimulator.Deploy.0 = Release|Any CPU
		{EFC7CAFB-8342-4055-842D-6AD3762EB9BC}.AppStore|x64.ActiveCfg = Release|Any CPU
		{EFC7CAFB-8342-4055-842D-6AD3762EB9BC}.AppStore|x64.Build.0 = Release|Any CPU
		{EFC7CAFB-8342-4055-842D-6AD3762EB9BC}.AppStore|x64.Deploy.0 = Release|Any CPU
		{EFC7CAFB-8342-4055-842D-6AD3762EB9BC}.AppStore|x86.ActiveCfg = Release|Any CPU
		{EFC7CAFB-8342-4055-842D-6AD3762EB9BC}.AppStore|x86.Build.0 = Release|Any CPU
		{EFC7CAFB-8342-4055-842D-6AD3762EB9BC}.AppStore|x86.Deploy.0 = Release|Any CPU
		{EFC7CAFB-8342-4055-842D-6AD3762EB9BC}.Debug|Any CPU.ActiveCfg = Debug|Any CPU
		{EFC7CAFB-8342-4055-842D-6AD3762EB9BC}.Debug|Any CPU.Build.0 = Debug|Any CPU
		{EFC7CAFB-8342-4055-842D-6AD3762EB9BC}.Debug|Any CPU.Deploy.0 = Debug|Any CPU
		{EFC7CAFB-8342-4055-842D-6AD3762EB9BC}.Debug|ARM.ActiveCfg = Debug|Any CPU
		{EFC7CAFB-8342-4055-842D-6AD3762EB9BC}.Debug|ARM.Build.0 = Debug|Any CPU
		{EFC7CAFB-8342-4055-842D-6AD3762EB9BC}.Debug|ARM.Deploy.0 = Debug|Any CPU
		{EFC7CAFB-8342-4055-842D-6AD3762EB9BC}.Debug|iPhone.ActiveCfg = Debug|Any CPU
		{EFC7CAFB-8342-4055-842D-6AD3762EB9BC}.Debug|iPhone.Build.0 = Debug|Any CPU
		{EFC7CAFB-8342-4055-842D-6AD3762EB9BC}.Debug|iPhone.Deploy.0 = Debug|Any CPU
		{EFC7CAFB-8342-4055-842D-6AD3762EB9BC}.Debug|iPhoneSimulator.ActiveCfg = Debug|Any CPU
		{EFC7CAFB-8342-4055-842D-6AD3762EB9BC}.Debug|iPhoneSimulator.Build.0 = Debug|Any CPU
		{EFC7CAFB-8342-4055-842D-6AD3762EB9BC}.Debug|iPhoneSimulator.Deploy.0 = Debug|Any CPU
		{EFC7CAFB-8342-4055-842D-6AD3762EB9BC}.Debug|x64.ActiveCfg = Debug|Any CPU
		{EFC7CAFB-8342-4055-842D-6AD3762EB9BC}.Debug|x64.Build.0 = Debug|Any CPU
		{EFC7CAFB-8342-4055-842D-6AD3762EB9BC}.Debug|x64.Deploy.0 = Debug|Any CPU
		{EFC7CAFB-8342-4055-842D-6AD3762EB9BC}.Debug|x86.ActiveCfg = Debug|Any CPU
		{EFC7CAFB-8342-4055-842D-6AD3762EB9BC}.Debug|x86.Build.0 = Debug|Any CPU
		{EFC7CAFB-8342-4055-842D-6AD3762EB9BC}.Debug|x86.Deploy.0 = Debug|Any CPU
		{EFC7CAFB-8342-4055-842D-6AD3762EB9BC}.Release|Any CPU.ActiveCfg = Release|Any CPU
		{EFC7CAFB-8342-4055-842D-6AD3762EB9BC}.Release|Any CPU.Build.0 = Release|Any CPU
		{EFC7CAFB-8342-4055-842D-6AD3762EB9BC}.Release|Any CPU.Deploy.0 = Release|Any CPU
		{EFC7CAFB-8342-4055-842D-6AD3762EB9BC}.Release|ARM.ActiveCfg = Release|Any CPU
		{EFC7CAFB-8342-4055-842D-6AD3762EB9BC}.Release|ARM.Build.0 = Release|Any CPU
		{EFC7CAFB-8342-4055-842D-6AD3762EB9BC}.Release|ARM.Deploy.0 = Release|Any CPU
		{EFC7CAFB-8342-4055-842D-6AD3762EB9BC}.Release|iPhone.ActiveCfg = Release|Any CPU
		{EFC7CAFB-8342-4055-842D-6AD3762EB9BC}.Release|iPhone.Build.0 = Release|Any CPU
		{EFC7CAFB-8342-4055-842D-6AD3762EB9BC}.Release|iPhone.Deploy.0 = Release|Any CPU
		{EFC7CAFB-8342-4055-842D-6AD3762EB9BC}.Release|iPhoneSimulator.ActiveCfg = Release|Any CPU
		{EFC7CAFB-8342-4055-842D-6AD3762EB9BC}.Release|iPhoneSimulator.Build.0 = Release|Any CPU
		{EFC7CAFB-8342-4055-842D-6AD3762EB9BC}.Release|iPhoneSimulator.Deploy.0 = Release|Any CPU
		{EFC7CAFB-8342-4055-842D-6AD3762EB9BC}.Release|x64.ActiveCfg = Release|Any CPU
		{EFC7CAFB-8342-4055-842D-6AD3762EB9BC}.Release|x64.Build.0 = Release|Any CPU
		{EFC7CAFB-8342-4055-842D-6AD3762EB9BC}.Release|x64.Deploy.0 = Release|Any CPU
		{EFC7CAFB-8342-4055-842D-6AD3762EB9BC}.Release|x86.ActiveCfg = Release|Any CPU
		{EFC7CAFB-8342-4055-842D-6AD3762EB9BC}.Release|x86.Build.0 = Release|Any CPU
		{EFC7CAFB-8342-4055-842D-6AD3762EB9BC}.Release|x86.Deploy.0 = Release|Any CPU
		{F5F44B12-87EF-4278-B3F2-EE3897E3944A}.Ad-Hoc|Any CPU.ActiveCfg = Ad-Hoc|iPhone
		{F5F44B12-87EF-4278-B3F2-EE3897E3944A}.Ad-Hoc|ARM.ActiveCfg = Ad-Hoc|iPhone
		{F5F44B12-87EF-4278-B3F2-EE3897E3944A}.Ad-Hoc|iPhone.ActiveCfg = Ad-Hoc|iPhone
		{F5F44B12-87EF-4278-B3F2-EE3897E3944A}.Ad-Hoc|iPhone.Build.0 = Ad-Hoc|iPhone
		{F5F44B12-87EF-4278-B3F2-EE3897E3944A}.Ad-Hoc|iPhoneSimulator.ActiveCfg = Ad-Hoc|iPhoneSimulator
		{F5F44B12-87EF-4278-B3F2-EE3897E3944A}.Ad-Hoc|iPhoneSimulator.Build.0 = Ad-Hoc|iPhoneSimulator
		{F5F44B12-87EF-4278-B3F2-EE3897E3944A}.Ad-Hoc|x64.ActiveCfg = Ad-Hoc|iPhone
		{F5F44B12-87EF-4278-B3F2-EE3897E3944A}.Ad-Hoc|x86.ActiveCfg = Ad-Hoc|iPhone
		{F5F44B12-87EF-4278-B3F2-EE3897E3944A}.AppStore|Any CPU.ActiveCfg = AppStore|iPhone
		{F5F44B12-87EF-4278-B3F2-EE3897E3944A}.AppStore|ARM.ActiveCfg = AppStore|iPhone
		{F5F44B12-87EF-4278-B3F2-EE3897E3944A}.AppStore|iPhone.ActiveCfg = AppStore|iPhone
		{F5F44B12-87EF-4278-B3F2-EE3897E3944A}.AppStore|iPhone.Build.0 = AppStore|iPhone
		{F5F44B12-87EF-4278-B3F2-EE3897E3944A}.AppStore|iPhoneSimulator.ActiveCfg = AppStore|iPhoneSimulator
		{F5F44B12-87EF-4278-B3F2-EE3897E3944A}.AppStore|iPhoneSimulator.Build.0 = AppStore|iPhoneSimulator
		{F5F44B12-87EF-4278-B3F2-EE3897E3944A}.AppStore|x64.ActiveCfg = AppStore|iPhone
		{F5F44B12-87EF-4278-B3F2-EE3897E3944A}.AppStore|x86.ActiveCfg = AppStore|iPhone
		{F5F44B12-87EF-4278-B3F2-EE3897E3944A}.Debug|Any CPU.ActiveCfg = Debug|iPhone
		{F5F44B12-87EF-4278-B3F2-EE3897E3944A}.Debug|ARM.ActiveCfg = Debug|iPhone
		{F5F44B12-87EF-4278-B3F2-EE3897E3944A}.Debug|iPhone.ActiveCfg = Debug|iPhone
		{F5F44B12-87EF-4278-B3F2-EE3897E3944A}.Debug|iPhone.Build.0 = Debug|iPhone
		{F5F44B12-87EF-4278-B3F2-EE3897E3944A}.Debug|iPhoneSimulator.ActiveCfg = Debug|iPhoneSimulator
		{F5F44B12-87EF-4278-B3F2-EE3897E3944A}.Debug|iPhoneSimulator.Build.0 = Debug|iPhoneSimulator
		{F5F44B12-87EF-4278-B3F2-EE3897E3944A}.Debug|x64.ActiveCfg = Debug|iPhone
		{F5F44B12-87EF-4278-B3F2-EE3897E3944A}.Debug|x86.ActiveCfg = Debug|iPhone
		{F5F44B12-87EF-4278-B3F2-EE3897E3944A}.Release|Any CPU.ActiveCfg = Release|iPhone
		{F5F44B12-87EF-4278-B3F2-EE3897E3944A}.Release|ARM.ActiveCfg = Release|iPhone
		{F5F44B12-87EF-4278-B3F2-EE3897E3944A}.Release|iPhone.ActiveCfg = Release|iPhone
		{F5F44B12-87EF-4278-B3F2-EE3897E3944A}.Release|iPhone.Build.0 = Release|iPhone
		{F5F44B12-87EF-4278-B3F2-EE3897E3944A}.Release|iPhoneSimulator.ActiveCfg = Release|iPhoneSimulator
		{F5F44B12-87EF-4278-B3F2-EE3897E3944A}.Release|iPhoneSimulator.Build.0 = Release|iPhoneSimulator
		{F5F44B12-87EF-4278-B3F2-EE3897E3944A}.Release|x64.ActiveCfg = Release|iPhone
		{F5F44B12-87EF-4278-B3F2-EE3897E3944A}.Release|x86.ActiveCfg = Release|iPhone
		{BDDE6E14-908B-4575-AEEB-037A42727B80}.Ad-Hoc|Any CPU.ActiveCfg = Release|Any CPU
		{BDDE6E14-908B-4575-AEEB-037A42727B80}.Ad-Hoc|Any CPU.Build.0 = Release|Any CPU
		{BDDE6E14-908B-4575-AEEB-037A42727B80}.Ad-Hoc|Any CPU.Deploy.0 = Release|Any CPU
		{BDDE6E14-908B-4575-AEEB-037A42727B80}.Ad-Hoc|ARM.ActiveCfg = Release|ARM
		{BDDE6E14-908B-4575-AEEB-037A42727B80}.Ad-Hoc|ARM.Build.0 = Release|ARM
		{BDDE6E14-908B-4575-AEEB-037A42727B80}.Ad-Hoc|ARM.Deploy.0 = Release|ARM
		{BDDE6E14-908B-4575-AEEB-037A42727B80}.Ad-Hoc|iPhone.ActiveCfg = Release|Any CPU
		{BDDE6E14-908B-4575-AEEB-037A42727B80}.Ad-Hoc|iPhone.Build.0 = Release|Any CPU
		{BDDE6E14-908B-4575-AEEB-037A42727B80}.Ad-Hoc|iPhone.Deploy.0 = Release|Any CPU
		{BDDE6E14-908B-4575-AEEB-037A42727B80}.Ad-Hoc|iPhoneSimulator.ActiveCfg = Release|Any CPU
		{BDDE6E14-908B-4575-AEEB-037A42727B80}.Ad-Hoc|iPhoneSimulator.Build.0 = Release|Any CPU
		{BDDE6E14-908B-4575-AEEB-037A42727B80}.Ad-Hoc|iPhoneSimulator.Deploy.0 = Release|Any CPU
		{BDDE6E14-908B-4575-AEEB-037A42727B80}.Ad-Hoc|x64.ActiveCfg = Release|Any CPU
		{BDDE6E14-908B-4575-AEEB-037A42727B80}.Ad-Hoc|x64.Build.0 = Release|Any CPU
		{BDDE6E14-908B-4575-AEEB-037A42727B80}.Ad-Hoc|x64.Deploy.0 = Release|Any CPU
		{BDDE6E14-908B-4575-AEEB-037A42727B80}.Ad-Hoc|x86.ActiveCfg = Release|x86
		{BDDE6E14-908B-4575-AEEB-037A42727B80}.Ad-Hoc|x86.Build.0 = Release|x86
		{BDDE6E14-908B-4575-AEEB-037A42727B80}.Ad-Hoc|x86.Deploy.0 = Release|x86
		{BDDE6E14-908B-4575-AEEB-037A42727B80}.AppStore|Any CPU.ActiveCfg = Release|Any CPU
		{BDDE6E14-908B-4575-AEEB-037A42727B80}.AppStore|Any CPU.Build.0 = Release|Any CPU
		{BDDE6E14-908B-4575-AEEB-037A42727B80}.AppStore|Any CPU.Deploy.0 = Release|Any CPU
		{BDDE6E14-908B-4575-AEEB-037A42727B80}.AppStore|ARM.ActiveCfg = Release|ARM
		{BDDE6E14-908B-4575-AEEB-037A42727B80}.AppStore|ARM.Build.0 = Release|ARM
		{BDDE6E14-908B-4575-AEEB-037A42727B80}.AppStore|ARM.Deploy.0 = Release|ARM
		{BDDE6E14-908B-4575-AEEB-037A42727B80}.AppStore|iPhone.ActiveCfg = Release|Any CPU
		{BDDE6E14-908B-4575-AEEB-037A42727B80}.AppStore|iPhone.Build.0 = Release|Any CPU
		{BDDE6E14-908B-4575-AEEB-037A42727B80}.AppStore|iPhone.Deploy.0 = Release|Any CPU
		{BDDE6E14-908B-4575-AEEB-037A42727B80}.AppStore|iPhoneSimulator.ActiveCfg = Release|Any CPU
		{BDDE6E14-908B-4575-AEEB-037A42727B80}.AppStore|iPhoneSimulator.Build.0 = Release|Any CPU
		{BDDE6E14-908B-4575-AEEB-037A42727B80}.AppStore|iPhoneSimulator.Deploy.0 = Release|Any CPU
		{BDDE6E14-908B-4575-AEEB-037A42727B80}.AppStore|x64.ActiveCfg = Release|Any CPU
		{BDDE6E14-908B-4575-AEEB-037A42727B80}.AppStore|x64.Build.0 = Release|Any CPU
		{BDDE6E14-908B-4575-AEEB-037A42727B80}.AppStore|x64.Deploy.0 = Release|Any CPU
		{BDDE6E14-908B-4575-AEEB-037A42727B80}.AppStore|x86.ActiveCfg = Release|x86
		{BDDE6E14-908B-4575-AEEB-037A42727B80}.AppStore|x86.Build.0 = Release|x86
		{BDDE6E14-908B-4575-AEEB-037A42727B80}.AppStore|x86.Deploy.0 = Release|x86
		{BDDE6E14-908B-4575-AEEB-037A42727B80}.Debug|Any CPU.ActiveCfg = Debug|Any CPU
		{BDDE6E14-908B-4575-AEEB-037A42727B80}.Debug|Any CPU.Build.0 = Debug|Any CPU
		{BDDE6E14-908B-4575-AEEB-037A42727B80}.Debug|Any CPU.Deploy.0 = Debug|Any CPU
		{BDDE6E14-908B-4575-AEEB-037A42727B80}.Debug|ARM.ActiveCfg = Debug|ARM
		{BDDE6E14-908B-4575-AEEB-037A42727B80}.Debug|ARM.Build.0 = Debug|ARM
		{BDDE6E14-908B-4575-AEEB-037A42727B80}.Debug|ARM.Deploy.0 = Debug|ARM
		{BDDE6E14-908B-4575-AEEB-037A42727B80}.Debug|iPhone.ActiveCfg = Debug|Any CPU
		{BDDE6E14-908B-4575-AEEB-037A42727B80}.Debug|iPhone.Build.0 = Debug|Any CPU
		{BDDE6E14-908B-4575-AEEB-037A42727B80}.Debug|iPhone.Deploy.0 = Debug|Any CPU
		{BDDE6E14-908B-4575-AEEB-037A42727B80}.Debug|iPhoneSimulator.ActiveCfg = Debug|Any CPU
		{BDDE6E14-908B-4575-AEEB-037A42727B80}.Debug|iPhoneSimulator.Build.0 = Debug|Any CPU
		{BDDE6E14-908B-4575-AEEB-037A42727B80}.Debug|iPhoneSimulator.Deploy.0 = Debug|Any CPU
		{BDDE6E14-908B-4575-AEEB-037A42727B80}.Debug|x64.ActiveCfg = Debug|Any CPU
		{BDDE6E14-908B-4575-AEEB-037A42727B80}.Debug|x64.Build.0 = Debug|Any CPU
		{BDDE6E14-908B-4575-AEEB-037A42727B80}.Debug|x64.Deploy.0 = Debug|Any CPU
		{BDDE6E14-908B-4575-AEEB-037A42727B80}.Debug|x86.ActiveCfg = Debug|x86
		{BDDE6E14-908B-4575-AEEB-037A42727B80}.Debug|x86.Build.0 = Debug|x86
		{BDDE6E14-908B-4575-AEEB-037A42727B80}.Debug|x86.Deploy.0 = Debug|x86
		{BDDE6E14-908B-4575-AEEB-037A42727B80}.Release|Any CPU.ActiveCfg = Release|Any CPU
		{BDDE6E14-908B-4575-AEEB-037A42727B80}.Release|Any CPU.Build.0 = Release|Any CPU
		{BDDE6E14-908B-4575-AEEB-037A42727B80}.Release|Any CPU.Deploy.0 = Release|Any CPU
		{BDDE6E14-908B-4575-AEEB-037A42727B80}.Release|ARM.ActiveCfg = Release|ARM
		{BDDE6E14-908B-4575-AEEB-037A42727B80}.Release|ARM.Build.0 = Release|ARM
		{BDDE6E14-908B-4575-AEEB-037A42727B80}.Release|ARM.Deploy.0 = Release|ARM
		{BDDE6E14-908B-4575-AEEB-037A42727B80}.Release|iPhone.ActiveCfg = Release|Any CPU
		{BDDE6E14-908B-4575-AEEB-037A42727B80}.Release|iPhone.Build.0 = Release|Any CPU
		{BDDE6E14-908B-4575-AEEB-037A42727B80}.Release|iPhone.Deploy.0 = Release|Any CPU
		{BDDE6E14-908B-4575-AEEB-037A42727B80}.Release|iPhoneSimulator.ActiveCfg = Release|Any CPU
		{BDDE6E14-908B-4575-AEEB-037A42727B80}.Release|iPhoneSimulator.Build.0 = Release|Any CPU
		{BDDE6E14-908B-4575-AEEB-037A42727B80}.Release|iPhoneSimulator.Deploy.0 = Release|Any CPU
		{BDDE6E14-908B-4575-AEEB-037A42727B80}.Release|x64.ActiveCfg = Release|Any CPU
		{BDDE6E14-908B-4575-AEEB-037A42727B80}.Release|x64.Build.0 = Release|Any CPU
		{BDDE6E14-908B-4575-AEEB-037A42727B80}.Release|x64.Deploy.0 = Release|Any CPU
		{BDDE6E14-908B-4575-AEEB-037A42727B80}.Release|x86.ActiveCfg = Release|x86
		{BDDE6E14-908B-4575-AEEB-037A42727B80}.Release|x86.Build.0 = Release|x86
		{BDDE6E14-908B-4575-AEEB-037A42727B80}.Release|x86.Deploy.0 = Release|x86
		{23F2720D-C7CF-4E33-8323-82E1BBDB5870}.Ad-Hoc|Any CPU.ActiveCfg = Release|x86
		{23F2720D-C7CF-4E33-8323-82E1BBDB5870}.Ad-Hoc|Any CPU.Build.0 = Release|x86
		{23F2720D-C7CF-4E33-8323-82E1BBDB5870}.Ad-Hoc|Any CPU.Deploy.0 = Release|x86
		{23F2720D-C7CF-4E33-8323-82E1BBDB5870}.Ad-Hoc|ARM.ActiveCfg = Release|ARM
		{23F2720D-C7CF-4E33-8323-82E1BBDB5870}.Ad-Hoc|ARM.Build.0 = Release|ARM
		{23F2720D-C7CF-4E33-8323-82E1BBDB5870}.Ad-Hoc|ARM.Deploy.0 = Release|ARM
		{23F2720D-C7CF-4E33-8323-82E1BBDB5870}.Ad-Hoc|iPhone.ActiveCfg = Release|x86
		{23F2720D-C7CF-4E33-8323-82E1BBDB5870}.Ad-Hoc|iPhone.Build.0 = Release|x86
		{23F2720D-C7CF-4E33-8323-82E1BBDB5870}.Ad-Hoc|iPhone.Deploy.0 = Release|x86
		{23F2720D-C7CF-4E33-8323-82E1BBDB5870}.Ad-Hoc|iPhoneSimulator.ActiveCfg = Release|x86
		{23F2720D-C7CF-4E33-8323-82E1BBDB5870}.Ad-Hoc|iPhoneSimulator.Build.0 = Release|x86
		{23F2720D-C7CF-4E33-8323-82E1BBDB5870}.Ad-Hoc|iPhoneSimulator.Deploy.0 = Release|x86
		{23F2720D-C7CF-4E33-8323-82E1BBDB5870}.Ad-Hoc|x64.ActiveCfg = Release|x64
		{23F2720D-C7CF-4E33-8323-82E1BBDB5870}.Ad-Hoc|x64.Build.0 = Release|x64
		{23F2720D-C7CF-4E33-8323-82E1BBDB5870}.Ad-Hoc|x64.Deploy.0 = Release|x64
		{23F2720D-C7CF-4E33-8323-82E1BBDB5870}.Ad-Hoc|x86.ActiveCfg = Release|x86
		{23F2720D-C7CF-4E33-8323-82E1BBDB5870}.Ad-Hoc|x86.Build.0 = Release|x86
		{23F2720D-C7CF-4E33-8323-82E1BBDB5870}.Ad-Hoc|x86.Deploy.0 = Release|x86
		{23F2720D-C7CF-4E33-8323-82E1BBDB5870}.AppStore|Any CPU.ActiveCfg = Release|x86
		{23F2720D-C7CF-4E33-8323-82E1BBDB5870}.AppStore|Any CPU.Build.0 = Release|x86
		{23F2720D-C7CF-4E33-8323-82E1BBDB5870}.AppStore|Any CPU.Deploy.0 = Release|x86
		{23F2720D-C7CF-4E33-8323-82E1BBDB5870}.AppStore|ARM.ActiveCfg = Release|ARM
		{23F2720D-C7CF-4E33-8323-82E1BBDB5870}.AppStore|ARM.Build.0 = Release|ARM
		{23F2720D-C7CF-4E33-8323-82E1BBDB5870}.AppStore|ARM.Deploy.0 = Release|ARM
		{23F2720D-C7CF-4E33-8323-82E1BBDB5870}.AppStore|iPhone.ActiveCfg = Release|x86
		{23F2720D-C7CF-4E33-8323-82E1BBDB5870}.AppStore|iPhone.Build.0 = Release|x86
		{23F2720D-C7CF-4E33-8323-82E1BBDB5870}.AppStore|iPhone.Deploy.0 = Release|x86
		{23F2720D-C7CF-4E33-8323-82E1BBDB5870}.AppStore|iPhoneSimulator.ActiveCfg = Release|x86
		{23F2720D-C7CF-4E33-8323-82E1BBDB5870}.AppStore|iPhoneSimulator.Build.0 = Release|x86
		{23F2720D-C7CF-4E33-8323-82E1BBDB5870}.AppStore|iPhoneSimulator.Deploy.0 = Release|x86
		{23F2720D-C7CF-4E33-8323-82E1BBDB5870}.AppStore|x64.ActiveCfg = Release|x64
		{23F2720D-C7CF-4E33-8323-82E1BBDB5870}.AppStore|x64.Build.0 = Release|x64
		{23F2720D-C7CF-4E33-8323-82E1BBDB5870}.AppStore|x64.Deploy.0 = Release|x64
		{23F2720D-C7CF-4E33-8323-82E1BBDB5870}.AppStore|x86.ActiveCfg = Release|x86
		{23F2720D-C7CF-4E33-8323-82E1BBDB5870}.AppStore|x86.Build.0 = Release|x86
		{23F2720D-C7CF-4E33-8323-82E1BBDB5870}.AppStore|x86.Deploy.0 = Release|x86
		{23F2720D-C7CF-4E33-8323-82E1BBDB5870}.Debug|Any CPU.ActiveCfg = Debug|x86
		{23F2720D-C7CF-4E33-8323-82E1BBDB5870}.Debug|ARM.ActiveCfg = Debug|ARM
		{23F2720D-C7CF-4E33-8323-82E1BBDB5870}.Debug|ARM.Build.0 = Debug|ARM
		{23F2720D-C7CF-4E33-8323-82E1BBDB5870}.Debug|ARM.Deploy.0 = Debug|ARM
		{23F2720D-C7CF-4E33-8323-82E1BBDB5870}.Debug|iPhone.ActiveCfg = Debug|x86
		{23F2720D-C7CF-4E33-8323-82E1BBDB5870}.Debug|iPhoneSimulator.ActiveCfg = Debug|x86
		{23F2720D-C7CF-4E33-8323-82E1BBDB5870}.Debug|x64.ActiveCfg = Debug|x64
		{23F2720D-C7CF-4E33-8323-82E1BBDB5870}.Debug|x64.Build.0 = Debug|x64
		{23F2720D-C7CF-4E33-8323-82E1BBDB5870}.Debug|x64.Deploy.0 = Debug|x64
		{23F2720D-C7CF-4E33-8323-82E1BBDB5870}.Debug|x86.ActiveCfg = Debug|x86
		{23F2720D-C7CF-4E33-8323-82E1BBDB5870}.Debug|x86.Build.0 = Debug|x86
		{23F2720D-C7CF-4E33-8323-82E1BBDB5870}.Debug|x86.Deploy.0 = Debug|x86
		{23F2720D-C7CF-4E33-8323-82E1BBDB5870}.Release|Any CPU.ActiveCfg = Release|x86
		{23F2720D-C7CF-4E33-8323-82E1BBDB5870}.Release|ARM.ActiveCfg = Release|ARM
		{23F2720D-C7CF-4E33-8323-82E1BBDB5870}.Release|ARM.Build.0 = Release|ARM
		{23F2720D-C7CF-4E33-8323-82E1BBDB5870}.Release|ARM.Deploy.0 = Release|ARM
		{23F2720D-C7CF-4E33-8323-82E1BBDB5870}.Release|iPhone.ActiveCfg = Release|x86
		{23F2720D-C7CF-4E33-8323-82E1BBDB5870}.Release|iPhoneSimulator.ActiveCfg = Release|x86
		{23F2720D-C7CF-4E33-8323-82E1BBDB5870}.Release|x64.ActiveCfg = Release|x64
		{23F2720D-C7CF-4E33-8323-82E1BBDB5870}.Release|x64.Build.0 = Release|x64
		{23F2720D-C7CF-4E33-8323-82E1BBDB5870}.Release|x64.Deploy.0 = Release|x64
		{23F2720D-C7CF-4E33-8323-82E1BBDB5870}.Release|x86.ActiveCfg = Release|x86
		{23F2720D-C7CF-4E33-8323-82E1BBDB5870}.Release|x86.Build.0 = Release|x86
		{23F2720D-C7CF-4E33-8323-82E1BBDB5870}.Release|x86.Deploy.0 = Release|x86
		{FF303E69-0CB1-4B7D-A768-CA04836EAB7F}.Ad-Hoc|Any CPU.ActiveCfg = Release|Any CPU
		{FF303E69-0CB1-4B7D-A768-CA04836EAB7F}.Ad-Hoc|Any CPU.Build.0 = Release|Any CPU
		{FF303E69-0CB1-4B7D-A768-CA04836EAB7F}.Ad-Hoc|Any CPU.Deploy.0 = Release|Any CPU
		{FF303E69-0CB1-4B7D-A768-CA04836EAB7F}.Ad-Hoc|ARM.ActiveCfg = Release|ARM
		{FF303E69-0CB1-4B7D-A768-CA04836EAB7F}.Ad-Hoc|ARM.Build.0 = Release|ARM
		{FF303E69-0CB1-4B7D-A768-CA04836EAB7F}.Ad-Hoc|ARM.Deploy.0 = Release|ARM
		{FF303E69-0CB1-4B7D-A768-CA04836EAB7F}.Ad-Hoc|iPhone.ActiveCfg = Release|Any CPU
		{FF303E69-0CB1-4B7D-A768-CA04836EAB7F}.Ad-Hoc|iPhone.Build.0 = Release|Any CPU
		{FF303E69-0CB1-4B7D-A768-CA04836EAB7F}.Ad-Hoc|iPhone.Deploy.0 = Release|Any CPU
		{FF303E69-0CB1-4B7D-A768-CA04836EAB7F}.Ad-Hoc|iPhoneSimulator.ActiveCfg = Release|Any CPU
		{FF303E69-0CB1-4B7D-A768-CA04836EAB7F}.Ad-Hoc|iPhoneSimulator.Build.0 = Release|Any CPU
		{FF303E69-0CB1-4B7D-A768-CA04836EAB7F}.Ad-Hoc|iPhoneSimulator.Deploy.0 = Release|Any CPU
		{FF303E69-0CB1-4B7D-A768-CA04836EAB7F}.Ad-Hoc|x64.ActiveCfg = Release|x64
		{FF303E69-0CB1-4B7D-A768-CA04836EAB7F}.Ad-Hoc|x64.Build.0 = Release|x64
		{FF303E69-0CB1-4B7D-A768-CA04836EAB7F}.Ad-Hoc|x64.Deploy.0 = Release|x64
		{FF303E69-0CB1-4B7D-A768-CA04836EAB7F}.Ad-Hoc|x86.ActiveCfg = Release|x86
		{FF303E69-0CB1-4B7D-A768-CA04836EAB7F}.Ad-Hoc|x86.Build.0 = Release|x86
		{FF303E69-0CB1-4B7D-A768-CA04836EAB7F}.Ad-Hoc|x86.Deploy.0 = Release|x86
		{FF303E69-0CB1-4B7D-A768-CA04836EAB7F}.AppStore|Any CPU.ActiveCfg = Release|Any CPU
		{FF303E69-0CB1-4B7D-A768-CA04836EAB7F}.AppStore|Any CPU.Build.0 = Release|Any CPU
		{FF303E69-0CB1-4B7D-A768-CA04836EAB7F}.AppStore|Any CPU.Deploy.0 = Release|Any CPU
		{FF303E69-0CB1-4B7D-A768-CA04836EAB7F}.AppStore|ARM.ActiveCfg = Release|ARM
		{FF303E69-0CB1-4B7D-A768-CA04836EAB7F}.AppStore|ARM.Build.0 = Release|ARM
		{FF303E69-0CB1-4B7D-A768-CA04836EAB7F}.AppStore|ARM.Deploy.0 = Release|ARM
		{FF303E69-0CB1-4B7D-A768-CA04836EAB7F}.AppStore|iPhone.ActiveCfg = Release|Any CPU
		{FF303E69-0CB1-4B7D-A768-CA04836EAB7F}.AppStore|iPhone.Build.0 = Release|Any CPU
		{FF303E69-0CB1-4B7D-A768-CA04836EAB7F}.AppStore|iPhone.Deploy.0 = Release|Any CPU
		{FF303E69-0CB1-4B7D-A768-CA04836EAB7F}.AppStore|iPhoneSimulator.ActiveCfg = Release|Any CPU
		{FF303E69-0CB1-4B7D-A768-CA04836EAB7F}.AppStore|iPhoneSimulator.Build.0 = Release|Any CPU
		{FF303E69-0CB1-4B7D-A768-CA04836EAB7F}.AppStore|iPhoneSimulator.Deploy.0 = Release|Any CPU
		{FF303E69-0CB1-4B7D-A768-CA04836EAB7F}.AppStore|x64.ActiveCfg = Release|x64
		{FF303E69-0CB1-4B7D-A768-CA04836EAB7F}.AppStore|x64.Build.0 = Release|x64
		{FF303E69-0CB1-4B7D-A768-CA04836EAB7F}.AppStore|x64.Deploy.0 = Release|x64
		{FF303E69-0CB1-4B7D-A768-CA04836EAB7F}.AppStore|x86.ActiveCfg = Release|x86
		{FF303E69-0CB1-4B7D-A768-CA04836EAB7F}.AppStore|x86.Build.0 = Release|x86
		{FF303E69-0CB1-4B7D-A768-CA04836EAB7F}.AppStore|x86.Deploy.0 = Release|x86
		{FF303E69-0CB1-4B7D-A768-CA04836EAB7F}.Debug|Any CPU.ActiveCfg = Debug|Any CPU
		{FF303E69-0CB1-4B7D-A768-CA04836EAB7F}.Debug|Any CPU.Build.0 = Debug|Any CPU
		{FF303E69-0CB1-4B7D-A768-CA04836EAB7F}.Debug|Any CPU.Deploy.0 = Debug|Any CPU
		{FF303E69-0CB1-4B7D-A768-CA04836EAB7F}.Debug|ARM.ActiveCfg = Debug|ARM
		{FF303E69-0CB1-4B7D-A768-CA04836EAB7F}.Debug|ARM.Build.0 = Debug|ARM
		{FF303E69-0CB1-4B7D-A768-CA04836EAB7F}.Debug|ARM.Deploy.0 = Debug|ARM
		{FF303E69-0CB1-4B7D-A768-CA04836EAB7F}.Debug|iPhone.ActiveCfg = Debug|Any CPU
		{FF303E69-0CB1-4B7D-A768-CA04836EAB7F}.Debug|iPhone.Build.0 = Debug|Any CPU
		{FF303E69-0CB1-4B7D-A768-CA04836EAB7F}.Debug|iPhone.Deploy.0 = Debug|Any CPU
		{FF303E69-0CB1-4B7D-A768-CA04836EAB7F}.Debug|iPhoneSimulator.ActiveCfg = Debug|Any CPU
		{FF303E69-0CB1-4B7D-A768-CA04836EAB7F}.Debug|iPhoneSimulator.Build.0 = Debug|Any CPU
		{FF303E69-0CB1-4B7D-A768-CA04836EAB7F}.Debug|iPhoneSimulator.Deploy.0 = Debug|Any CPU
		{FF303E69-0CB1-4B7D-A768-CA04836EAB7F}.Debug|x64.ActiveCfg = Debug|x64
		{FF303E69-0CB1-4B7D-A768-CA04836EAB7F}.Debug|x64.Build.0 = Debug|x64
		{FF303E69-0CB1-4B7D-A768-CA04836EAB7F}.Debug|x64.Deploy.0 = Debug|x64
		{FF303E69-0CB1-4B7D-A768-CA04836EAB7F}.Debug|x86.ActiveCfg = Debug|x86
		{FF303E69-0CB1-4B7D-A768-CA04836EAB7F}.Debug|x86.Build.0 = Debug|x86
		{FF303E69-0CB1-4B7D-A768-CA04836EAB7F}.Debug|x86.Deploy.0 = Debug|x86
		{FF303E69-0CB1-4B7D-A768-CA04836EAB7F}.Release|Any CPU.ActiveCfg = Release|Any CPU
		{FF303E69-0CB1-4B7D-A768-CA04836EAB7F}.Release|Any CPU.Build.0 = Release|Any CPU
		{FF303E69-0CB1-4B7D-A768-CA04836EAB7F}.Release|Any CPU.Deploy.0 = Release|Any CPU
		{FF303E69-0CB1-4B7D-A768-CA04836EAB7F}.Release|ARM.ActiveCfg = Release|ARM
		{FF303E69-0CB1-4B7D-A768-CA04836EAB7F}.Release|ARM.Build.0 = Release|ARM
		{FF303E69-0CB1-4B7D-A768-CA04836EAB7F}.Release|ARM.Deploy.0 = Release|ARM
		{FF303E69-0CB1-4B7D-A768-CA04836EAB7F}.Release|iPhone.ActiveCfg = Release|Any CPU
		{FF303E69-0CB1-4B7D-A768-CA04836EAB7F}.Release|iPhone.Build.0 = Release|Any CPU
		{FF303E69-0CB1-4B7D-A768-CA04836EAB7F}.Release|iPhone.Deploy.0 = Release|Any CPU
		{FF303E69-0CB1-4B7D-A768-CA04836EAB7F}.Release|iPhoneSimulator.ActiveCfg = Release|Any CPU
		{FF303E69-0CB1-4B7D-A768-CA04836EAB7F}.Release|iPhoneSimulator.Build.0 = Release|Any CPU
		{FF303E69-0CB1-4B7D-A768-CA04836EAB7F}.Release|iPhoneSimulator.Deploy.0 = Release|Any CPU
		{FF303E69-0CB1-4B7D-A768-CA04836EAB7F}.Release|x64.ActiveCfg = Release|x64
		{FF303E69-0CB1-4B7D-A768-CA04836EAB7F}.Release|x64.Build.0 = Release|x64
		{FF303E69-0CB1-4B7D-A768-CA04836EAB7F}.Release|x64.Deploy.0 = Release|x64
		{FF303E69-0CB1-4B7D-A768-CA04836EAB7F}.Release|x86.ActiveCfg = Release|x86
		{FF303E69-0CB1-4B7D-A768-CA04836EAB7F}.Release|x86.Build.0 = Release|x86
		{FF303E69-0CB1-4B7D-A768-CA04836EAB7F}.Release|x86.Deploy.0 = Release|x86
		{3F0B19E0-5CE8-4727-BFD0-D49852531C15}.Ad-Hoc|Any CPU.ActiveCfg = Release|Any CPU
		{3F0B19E0-5CE8-4727-BFD0-D49852531C15}.Ad-Hoc|Any CPU.Build.0 = Release|Any CPU
		{3F0B19E0-5CE8-4727-BFD0-D49852531C15}.Ad-Hoc|ARM.ActiveCfg = Release|Any CPU
		{3F0B19E0-5CE8-4727-BFD0-D49852531C15}.Ad-Hoc|ARM.Build.0 = Release|Any CPU
		{3F0B19E0-5CE8-4727-BFD0-D49852531C15}.Ad-Hoc|iPhone.ActiveCfg = Release|Any CPU
		{3F0B19E0-5CE8-4727-BFD0-D49852531C15}.Ad-Hoc|iPhone.Build.0 = Release|Any CPU
		{3F0B19E0-5CE8-4727-BFD0-D49852531C15}.Ad-Hoc|iPhoneSimulator.ActiveCfg = Release|Any CPU
		{3F0B19E0-5CE8-4727-BFD0-D49852531C15}.Ad-Hoc|iPhoneSimulator.Build.0 = Release|Any CPU
		{3F0B19E0-5CE8-4727-BFD0-D49852531C15}.Ad-Hoc|x64.ActiveCfg = Release|Any CPU
		{3F0B19E0-5CE8-4727-BFD0-D49852531C15}.Ad-Hoc|x64.Build.0 = Release|Any CPU
		{3F0B19E0-5CE8-4727-BFD0-D49852531C15}.Ad-Hoc|x86.ActiveCfg = Release|Any CPU
		{3F0B19E0-5CE8-4727-BFD0-D49852531C15}.Ad-Hoc|x86.Build.0 = Release|Any CPU
		{3F0B19E0-5CE8-4727-BFD0-D49852531C15}.AppStore|Any CPU.ActiveCfg = Release|Any CPU
		{3F0B19E0-5CE8-4727-BFD0-D49852531C15}.AppStore|Any CPU.Build.0 = Release|Any CPU
		{3F0B19E0-5CE8-4727-BFD0-D49852531C15}.AppStore|ARM.ActiveCfg = Release|Any CPU
		{3F0B19E0-5CE8-4727-BFD0-D49852531C15}.AppStore|ARM.Build.0 = Release|Any CPU
		{3F0B19E0-5CE8-4727-BFD0-D49852531C15}.AppStore|iPhone.ActiveCfg = Release|Any CPU
		{3F0B19E0-5CE8-4727-BFD0-D49852531C15}.AppStore|iPhone.Build.0 = Release|Any CPU
		{3F0B19E0-5CE8-4727-BFD0-D49852531C15}.AppStore|iPhoneSimulator.ActiveCfg = Release|Any CPU
		{3F0B19E0-5CE8-4727-BFD0-D49852531C15}.AppStore|iPhoneSimulator.Build.0 = Release|Any CPU
		{3F0B19E0-5CE8-4727-BFD0-D49852531C15}.AppStore|x64.ActiveCfg = Release|Any CPU
		{3F0B19E0-5CE8-4727-BFD0-D49852531C15}.AppStore|x64.Build.0 = Release|Any CPU
		{3F0B19E0-5CE8-4727-BFD0-D49852531C15}.AppStore|x86.ActiveCfg = Release|Any CPU
		{3F0B19E0-5CE8-4727-BFD0-D49852531C15}.AppStore|x86.Build.0 = Release|Any CPU
		{3F0B19E0-5CE8-4727-BFD0-D49852531C15}.Debug|Any CPU.ActiveCfg = Debug|Any CPU
		{3F0B19E0-5CE8-4727-BFD0-D49852531C15}.Debug|Any CPU.Build.0 = Debug|Any CPU
		{3F0B19E0-5CE8-4727-BFD0-D49852531C15}.Debug|ARM.ActiveCfg = Debug|Any CPU
		{3F0B19E0-5CE8-4727-BFD0-D49852531C15}.Debug|ARM.Build.0 = Debug|Any CPU
		{3F0B19E0-5CE8-4727-BFD0-D49852531C15}.Debug|iPhone.ActiveCfg = Debug|Any CPU
		{3F0B19E0-5CE8-4727-BFD0-D49852531C15}.Debug|iPhone.Build.0 = Debug|Any CPU
		{3F0B19E0-5CE8-4727-BFD0-D49852531C15}.Debug|iPhoneSimulator.ActiveCfg = Debug|Any CPU
		{3F0B19E0-5CE8-4727-BFD0-D49852531C15}.Debug|iPhoneSimulator.Build.0 = Debug|Any CPU
		{3F0B19E0-5CE8-4727-BFD0-D49852531C15}.Debug|x64.ActiveCfg = Debug|Any CPU
		{3F0B19E0-5CE8-4727-BFD0-D49852531C15}.Debug|x64.Build.0 = Debug|Any CPU
		{3F0B19E0-5CE8-4727-BFD0-D49852531C15}.Debug|x86.ActiveCfg = Debug|Any CPU
		{3F0B19E0-5CE8-4727-BFD0-D49852531C15}.Debug|x86.Build.0 = Debug|Any CPU
		{3F0B19E0-5CE8-4727-BFD0-D49852531C15}.Release|Any CPU.ActiveCfg = Release|Any CPU
		{3F0B19E0-5CE8-4727-BFD0-D49852531C15}.Release|Any CPU.Build.0 = Release|Any CPU
		{3F0B19E0-5CE8-4727-BFD0-D49852531C15}.Release|ARM.ActiveCfg = Release|Any CPU
		{3F0B19E0-5CE8-4727-BFD0-D49852531C15}.Release|ARM.Build.0 = Release|Any CPU
		{3F0B19E0-5CE8-4727-BFD0-D49852531C15}.Release|iPhone.ActiveCfg = Release|Any CPU
		{3F0B19E0-5CE8-4727-BFD0-D49852531C15}.Release|iPhone.Build.0 = Release|Any CPU
		{3F0B19E0-5CE8-4727-BFD0-D49852531C15}.Release|iPhoneSimulator.ActiveCfg = Release|Any CPU
		{3F0B19E0-5CE8-4727-BFD0-D49852531C15}.Release|iPhoneSimulator.Build.0 = Release|Any CPU
		{3F0B19E0-5CE8-4727-BFD0-D49852531C15}.Release|x64.ActiveCfg = Release|Any CPU
		{3F0B19E0-5CE8-4727-BFD0-D49852531C15}.Release|x64.Build.0 = Release|Any CPU
		{3F0B19E0-5CE8-4727-BFD0-D49852531C15}.Release|x86.ActiveCfg = Release|Any CPU
		{3F0B19E0-5CE8-4727-BFD0-D49852531C15}.Release|x86.Build.0 = Release|Any CPU
	EndGlobalSection
	GlobalSection(SolutionProperties) = preSolution
		HideSolutionNode = FALSE
	EndGlobalSection
EndGlobal
